// !$*UTF8*$!
{
	archiveVersion = 1;
	classes = {
	};
	objectVersion = 46;
	objects = {

/* Begin PBXBuildFile section */
		49948F20194F7F900054B34F /* Foundation.framework in Frameworks */ = {isa = PBXBuildFile; fileRef = 49948F1F194F7F900054B34F /* Foundation.framework */; };
		49948F22194F7F900054B34F /* CoreGraphics.framework in Frameworks */ = {isa = PBXBuildFile; fileRef = 49948F21194F7F900054B34F /* CoreGraphics.framework */; };
		49948F24194F7F900054B34F /* UIKit.framework in Frameworks */ = {isa = PBXBuildFile; fileRef = 49948F23194F7F900054B34F /* UIKit.framework */; };
		49948F2A194F7F900054B34F /* InfoPlist.strings in Resources */ = {isa = PBXBuildFile; fileRef = 49948F28194F7F900054B34F /* InfoPlist.strings */; };
		49948F2C194F7F900054B34F /* main.m in Sources */ = {isa = PBXBuildFile; fileRef = 49948F2B194F7F900054B34F /* main.m */; };
		49948F30194F7F900054B34F /* AppDelegate.m in Sources */ = {isa = PBXBuildFile; fileRef = 49948F2F194F7F900054B34F /* AppDelegate.m */; };
		49948F32194F7F900054B34F /* Images.xcassets in Resources */ = {isa = PBXBuildFile; fileRef = 49948F31194F7F900054B34F /* Images.xcassets */; };
		49948F39194F7F900054B34F /* XCTest.framework in Frameworks */ = {isa = PBXBuildFile; fileRef = 49948F38194F7F900054B34F /* XCTest.framework */; };
		49948F3A194F7F900054B34F /* Foundation.framework in Frameworks */ = {isa = PBXBuildFile; fileRef = 49948F1F194F7F900054B34F /* Foundation.framework */; };
		49948F3B194F7F900054B34F /* UIKit.framework in Frameworks */ = {isa = PBXBuildFile; fileRef = 49948F23194F7F900054B34F /* UIKit.framework */; };
		49948F51194F7FE10054B34F /* SideContentViewController.m in Sources */ = {isa = PBXBuildFile; fileRef = 49948F50194F7FE10054B34F /* SideContentViewController.m */; };
		49948F5B194F80800054B34F /* TestContentViewController.m in Sources */ = {isa = PBXBuildFile; fileRef = 49948F59194F80800054B34F /* TestContentViewController.m */; };
		49948F5C194F80800054B34F /* TestContentViewController.xib in Resources */ = {isa = PBXBuildFile; fileRef = 49948F5A194F80800054B34F /* TestContentViewController.xib */; };
		49948F5F194F80900054B34F /* TestMenuViewController.m in Sources */ = {isa = PBXBuildFile; fileRef = 49948F5E194F80900054B34F /* TestMenuViewController.m */; };
		49948F62194F89130054B34F /* SideContentViewControllerConfig.m in Sources */ = {isa = PBXBuildFile; fileRef = 49948F61194F89130054B34F /* SideContentViewControllerConfig.m */; };
/* End PBXBuildFile section */

/* Begin PBXContainerItemProxy section */
		49948F3C194F7F900054B34F /* PBXContainerItemProxy */ = {
			isa = PBXContainerItemProxy;
			containerPortal = 49948F14194F7F900054B34F /* Project object */;
			proxyType = 1;
			remoteGlobalIDString = 49948F1B194F7F900054B34F;
			remoteInfo = SideContentLibrary;
		};
/* End PBXContainerItemProxy section */

/* Begin PBXFileReference section */
		49948F1C194F7F900054B34F /* SideContentLibrary.app */ = {isa = PBXFileReference; explicitFileType = wrapper.application; includeInIndex = 0; path = SideContentLibrary.app; sourceTree = BUILT_PRODUCTS_DIR; };
		49948F1F194F7F900054B34F /* Foundation.framework */ = {isa = PBXFileReference; lastKnownFileType = wrapper.framework; name = Foundation.framework; path = System/Library/Frameworks/Foundation.framework; sourceTree = SDKROOT; };
		49948F21194F7F900054B34F /* CoreGraphics.framework */ = {isa = PBXFileReference; lastKnownFileType = wrapper.framework; name = CoreGraphics.framework; path = System/Library/Frameworks/CoreGraphics.framework; sourceTree = SDKROOT; };
		49948F23194F7F900054B34F /* UIKit.framework */ = {isa = PBXFileReference; lastKnownFileType = wrapper.framework; name = UIKit.framework; path = System/Library/Frameworks/UIKit.framework; sourceTree = SDKROOT; };
		49948F27194F7F900054B34F /* SideContentLibrary-Info.plist */ = {isa = PBXFileReference; lastKnownFileType = text.plist.xml; path = "SideContentLibrary-Info.plist"; sourceTree = "<group>"; };
		49948F29194F7F900054B34F /* en */ = {isa = PBXFileReference; lastKnownFileType = text.plist.strings; name = en; path = en.lproj/InfoPlist.strings; sourceTree = "<group>"; };
		49948F2B194F7F900054B34F /* main.m */ = {isa = PBXFileReference; lastKnownFileType = sourcecode.c.objc; path = main.m; sourceTree = "<group>"; };
		49948F2D194F7F900054B34F /* SideContentLibrary-Prefix.pch */ = {isa = PBXFileReference; lastKnownFileType = sourcecode.c.h; path = "SideContentLibrary-Prefix.pch"; sourceTree = "<group>"; };
		49948F2E194F7F900054B34F /* AppDelegate.h */ = {isa = PBXFileReference; lastKnownFileType = sourcecode.c.h; path = AppDelegate.h; sourceTree = "<group>"; };
		49948F2F194F7F900054B34F /* AppDelegate.m */ = {isa = PBXFileReference; lastKnownFileType = sourcecode.c.objc; path = AppDelegate.m; sourceTree = "<group>"; };
		49948F31194F7F900054B34F /* Images.xcassets */ = {isa = PBXFileReference; lastKnownFileType = folder.assetcatalog; path = Images.xcassets; sourceTree = "<group>"; };
		49948F37194F7F900054B34F /* SideContentLibraryTests.xctest */ = {isa = PBXFileReference; explicitFileType = wrapper.cfbundle; includeInIndex = 0; path = SideContentLibraryTests.xctest; sourceTree = BUILT_PRODUCTS_DIR; };
		49948F38194F7F900054B34F /* XCTest.framework */ = {isa = PBXFileReference; lastKnownFileType = wrapper.framework; name = XCTest.framework; path = Library/Frameworks/XCTest.framework; sourceTree = DEVELOPER_DIR; };
		49948F4F194F7FE10054B34F /* SideContentViewController.h */ = {isa = PBXFileReference; fileEncoding = 4; lastKnownFileType = sourcecode.c.h; path = SideContentViewController.h; sourceTree = "<group>"; };
		49948F50194F7FE10054B34F /* SideContentViewController.m */ = {isa = PBXFileReference; fileEncoding = 4; lastKnownFileType = sourcecode.c.objc; path = SideContentViewController.m; sourceTree = "<group>"; };
		49948F58194F80800054B34F /* TestContentViewController.h */ = {isa = PBXFileReference; fileEncoding = 4; lastKnownFileType = sourcecode.c.h; path = TestContentViewController.h; sourceTree = "<group>"; };
		49948F59194F80800054B34F /* TestContentViewController.m */ = {isa = PBXFileReference; fileEncoding = 4; lastKnownFileType = sourcecode.c.objc; path = TestContentViewController.m; sourceTree = "<group>"; };
		49948F5A194F80800054B34F /* TestContentViewController.xib */ = {isa = PBXFileReference; fileEncoding = 4; lastKnownFileType = file.xib; path = TestContentViewController.xib; sourceTree = "<group>"; };
		49948F5D194F80900054B34F /* TestMenuViewController.h */ = {isa = PBXFileReference; fileEncoding = 4; lastKnownFileType = sourcecode.c.h; path = TestMenuViewController.h; sourceTree = "<group>"; };
		49948F5E194F80900054B34F /* TestMenuViewController.m */ = {isa = PBXFileReference; fileEncoding = 4; lastKnownFileType = sourcecode.c.objc; path = TestMenuViewController.m; sourceTree = "<group>"; };
		49948F60194F89130054B34F /* SideContentViewControllerConfig.h */ = {isa = PBXFileReference; fileEncoding = 4; lastKnownFileType = sourcecode.c.h; path = SideContentViewControllerConfig.h; sourceTree = "<group>"; };
		49948F61194F89130054B34F /* SideContentViewControllerConfig.m */ = {isa = PBXFileReference; fileEncoding = 4; lastKnownFileType = sourcecode.c.objc; path = SideContentViewControllerConfig.m; sourceTree = "<group>"; };
/* End PBXFileReference section */

/* Begin PBXFrameworksBuildPhase section */
		49948F19194F7F900054B34F /* Frameworks */ = {
			isa = PBXFrameworksBuildPhase;
			buildActionMask = 2147483647;
			files = (
				49948F22194F7F900054B34F /* CoreGraphics.framework in Frameworks */,
				49948F24194F7F900054B34F /* UIKit.framework in Frameworks */,
				49948F20194F7F900054B34F /* Foundation.framework in Frameworks */,
			);
			runOnlyForDeploymentPostprocessing = 0;
		};
		49948F34194F7F900054B34F /* Frameworks */ = {
			isa = PBXFrameworksBuildPhase;
			buildActionMask = 2147483647;
			files = (
				49948F39194F7F900054B34F /* XCTest.framework in Frameworks */,
				49948F3B194F7F900054B34F /* UIKit.framework in Frameworks */,
				49948F3A194F7F900054B34F /* Foundation.framework in Frameworks */,
			);
			runOnlyForDeploymentPostprocessing = 0;
		};
/* End PBXFrameworksBuildPhase section */

/* Begin PBXGroup section */
		49948F13194F7F900054B34F = {
			isa = PBXGroup;
			children = (
				49948F25194F7F900054B34F /* SideContentLibrary */,
				49948F1E194F7F900054B34F /* Frameworks */,
				49948F1D194F7F900054B34F /* Products */,
			);
			sourceTree = "<group>";
		};
		49948F1D194F7F900054B34F /* Products */ = {
			isa = PBXGroup;
			children = (
				49948F1C194F7F900054B34F /* SideContentLibrary.app */,
				49948F37194F7F900054B34F /* SideContentLibraryTests.xctest */,
			);
			name = Products;
			sourceTree = "<group>";
		};
		49948F1E194F7F900054B34F /* Frameworks */ = {
			isa = PBXGroup;
			children = (
				49948F1F194F7F900054B34F /* Foundation.framework */,
				49948F21194F7F900054B34F /* CoreGraphics.framework */,
				49948F23194F7F900054B34F /* UIKit.framework */,
				49948F38194F7F900054B34F /* XCTest.framework */,
			);
			name = Frameworks;
			sourceTree = "<group>";
		};
		49948F25194F7F900054B34F /* SideContentLibrary */ = {
			isa = PBXGroup;
			children = (
				49948F52194F80340054B34F /* ViewControllers */,
				49948F4E194F7FC50054B34F /* Library */,
				49948F2E194F7F900054B34F /* AppDelegate.h */,
				49948F2F194F7F900054B34F /* AppDelegate.m */,
				49948F31194F7F900054B34F /* Images.xcassets */,
				49948F26194F7F900054B34F /* Supporting Files */,
			);
			path = SideContentLibrary;
			sourceTree = "<group>";
		};
		49948F26194F7F900054B34F /* Supporting Files */ = {
			isa = PBXGroup;
			children = (
				49948F27194F7F900054B34F /* SideContentLibrary-Info.plist */,
				49948F28194F7F900054B34F /* InfoPlist.strings */,
				49948F2B194F7F900054B34F /* main.m */,
				49948F2D194F7F900054B34F /* SideContentLibrary-Prefix.pch */,
			);
			name = "Supporting Files";
			sourceTree = "<group>";
		};
		49948F4E194F7FC50054B34F /* Library */ = {
			isa = PBXGroup;
			children = (
				49948F4F194F7FE10054B34F /* SideContentViewController.h */,
				49948F50194F7FE10054B34F /* SideContentViewController.m */,
				49948F60194F89130054B34F /* SideContentViewControllerConfig.h */,
				49948F61194F89130054B34F /* SideContentViewControllerConfig.m */,
			);
			path = Library;
			sourceTree = "<group>";
		};
		49948F52194F80340054B34F /* ViewControllers */ = {
			isa = PBXGroup;
			children = (
				49948F58194F80800054B34F /* TestContentViewController.h */,
				49948F59194F80800054B34F /* TestContentViewController.m */,
				49948F5A194F80800054B34F /* TestContentViewController.xib */,
				49948F5D194F80900054B34F /* TestMenuViewController.h */,
				49948F5E194F80900054B34F /* TestMenuViewController.m */,
			);
			path = ViewControllers;
			sourceTree = "<group>";
		};
/* End PBXGroup section */

/* Begin PBXNativeTarget section */
		49948F1B194F7F900054B34F /* SideContentLibrary */ = {
			isa = PBXNativeTarget;
			buildConfigurationList = 49948F48194F7F900054B34F /* Build configuration list for PBXNativeTarget "SideContentLibrary" */;
			buildPhases = (
				49948F18194F7F900054B34F /* Sources */,
				49948F19194F7F900054B34F /* Frameworks */,
				49948F1A194F7F900054B34F /* Resources */,
			);
			buildRules = (
			);
			dependencies = (
			);
			name = SideContentLibrary;
			productName = SideContentLibrary;
			productReference = 49948F1C194F7F900054B34F /* SideContentLibrary.app */;
			productType = "com.apple.product-type.application";
		};
		49948F36194F7F900054B34F /* SideContentLibraryTests */ = {
			isa = PBXNativeTarget;
			buildConfigurationList = 49948F4B194F7F900054B34F /* Build configuration list for PBXNativeTarget "SideContentLibraryTests" */;
			buildPhases = (
				49948F33194F7F900054B34F /* Sources */,
				49948F34194F7F900054B34F /* Frameworks */,
				49948F35194F7F900054B34F /* Resources */,
			);
			buildRules = (
			);
			dependencies = (
				49948F3D194F7F900054B34F /* PBXTargetDependency */,
			);
			name = SideContentLibraryTests;
			productName = SideContentLibraryTests;
			productReference = 49948F37194F7F900054B34F /* SideContentLibraryTests.xctest */;
			productType = "com.apple.product-type.bundle.unit-test";
		};
/* End PBXNativeTarget section */

/* Begin PBXProject section */
		49948F14194F7F900054B34F /* Project object */ = {
			isa = PBXProject;
			attributes = {
				LastUpgradeCheck = 0510;
				ORGANIZATIONNAME = "Fabrizio Caldarelli";
				TargetAttributes = {
					49948F36194F7F900054B34F = {
						TestTargetID = 49948F1B194F7F900054B34F;
					};
				};
			};
			buildConfigurationList = 49948F17194F7F900054B34F /* Build configuration list for PBXProject "SideContentLibrary" */;
			compatibilityVersion = "Xcode 3.2";
			developmentRegion = English;
			hasScannedForEncodings = 0;
			knownRegions = (
				en,
			);
			mainGroup = 49948F13194F7F900054B34F;
			productRefGroup = 49948F1D194F7F900054B34F /* Products */;
			projectDirPath = "";
			projectRoot = "";
			targets = (
				49948F1B194F7F900054B34F /* SideContentLibrary */,
				49948F36194F7F900054B34F /* SideContentLibraryTests */,
			);
		};
/* End PBXProject section */

/* Begin PBXResourcesBuildPhase section */
		49948F1A194F7F900054B34F /* Resources */ = {
			isa = PBXResourcesBuildPhase;
			buildActionMask = 2147483647;
			files = (
				49948F2A194F7F900054B34F /* InfoPlist.strings in Resources */,
				49948F32194F7F900054B34F /* Images.xcassets in Resources */,
				49948F5C194F80800054B34F /* TestContentViewController.xib in Resources */,
			);
			runOnlyForDeploymentPostprocessing = 0;
		};
		49948F35194F7F900054B34F /* Resources */ = {
			isa = PBXResourcesBuildPhase;
			buildActionMask = 2147483647;
			files = (
			);
			runOnlyForDeploymentPostprocessing = 0;
		};
/* End PBXResourcesBuildPhase section */

/* Begin PBXSourcesBuildPhase section */
		49948F18194F7F900054B34F /* Sources */ = {
			isa = PBXSourcesBuildPhase;
			buildActionMask = 2147483647;
			files = (
				49948F5B194F80800054B34F /* TestContentViewController.m in Sources */,
				49948F62194F89130054B34F /* SideContentViewControllerConfig.m in Sources */,
				49948F5F194F80900054B34F /* TestMenuViewController.m in Sources */,
				49948F30194F7F900054B34F /* AppDelegate.m in Sources */,
				49948F2C194F7F900054B34F /* main.m in Sources */,
				49948F51194F7FE10054B34F /* SideContentViewController.m in Sources */,
			);
			runOnlyForDeploymentPostprocessing = 0;
		};
		49948F33194F7F900054B34F /* Sources */ = {
			isa = PBXSourcesBuildPhase;
			buildActionMask = 2147483647;
			files = (
			);
			runOnlyForDeploymentPostprocessing = 0;
		};
/* End PBXSourcesBuildPhase section */

/* Begin PBXTargetDependency section */
		49948F3D194F7F900054B34F /* PBXTargetDependency */ = {
			isa = PBXTargetDependency;
			target = 49948F1B194F7F900054B34F /* SideContentLibrary */;
			targetProxy = 49948F3C194F7F900054B34F /* PBXContainerItemProxy */;
		};
/* End PBXTargetDependency section */

/* Begin PBXVariantGroup section */
		49948F28194F7F900054B34F /* InfoPlist.strings */ = {
			isa = PBXVariantGroup;
			children = (
				49948F29194F7F900054B34F /* en */,
			);
			name = InfoPlist.strings;
			sourceTree = "<group>";
		};
/* End PBXVariantGroup section */

/* Begin XCBuildConfiguration section */
		49948F46194F7F900054B34F /* Debug */ = {
			isa = XCBuildConfiguration;
			buildSettings = {
				ALWAYS_SEARCH_USER_PATHS = NO;
				CLANG_CXX_LANGUAGE_STANDARD = "gnu++0x";
				CLANG_CXX_LIBRARY = "libc++";
				CLANG_ENABLE_MODULES = YES;
				CLANG_ENABLE_OBJC_ARC = YES;
				CLANG_WARN_BOOL_CONVERSION = YES;
				CLANG_WARN_CONSTANT_CONVERSION = YES;
				CLANG_WARN_DIRECT_OBJC_ISA_USAGE = YES_ERROR;
				CLANG_WARN_EMPTY_BODY = YES;
				CLANG_WARN_ENUM_CONVERSION = YES;
				CLANG_WARN_INT_CONVERSION = YES;
				CLANG_WARN_OBJC_ROOT_CLASS = YES_ERROR;
				CLANG_WARN__DUPLICATE_METHOD_MATCH = YES;
				"CODE_SIGN_IDENTITY[sdk=iphoneos*]" = "iPhone Developer";
				COPY_PHASE_STRIP = NO;
				GCC_C_LANGUAGE_STANDARD = gnu99;
				GCC_DYNAMIC_NO_PIC = NO;
				GCC_OPTIMIZATION_LEVEL = 0;
				GCC_PREPROCESSOR_DEFINITIONS = (
					"DEBUG=1",
					"$(inherited)",
				);
				GCC_SYMBOLS_PRIVATE_EXTERN = NO;
				GCC_WARN_64_TO_32_BIT_CONVERSION = YES;
				GCC_WARN_ABOUT_RETURN_TYPE = YES_ERROR;
				GCC_WARN_UNDECLARED_SELECTOR = YES;
				GCC_WARN_UNINITIALIZED_AUTOS = YES_AGGRESSIVE;
				GCC_WARN_UNUSED_FUNCTION = YES;
				GCC_WARN_UNUSED_VARIABLE = YES;
				IPHONEOS_DEPLOYMENT_TARGET = 7.1;
				ONLY_ACTIVE_ARCH = YES;
				SDKROOT = iphoneos;
				TARGETED_DEVICE_FAMILY = "1,2";
			};
			name = Debug;
		};
		49948F47194F7F900054B34F /* Release */ = {
			isa = XCBuildConfiguration;
			buildSettings = {
				ALWAYS_SEARCH_USER_PATHS = NO;
				CLANG_CXX_LANGUAGE_STANDARD = "gnu++0x";
				CLANG_CXX_LIBRARY = "libc++";
				CLANG_ENABLE_MODULES = YES;
				CLANG_ENABLE_OBJC_ARC = YES;
				CLANG_WARN_BOOL_CONVERSION = YES;
				CLANG_WARN_CONSTANT_CONVERSION = YES;
				CLANG_WARN_DIRECT_OBJC_ISA_USAGE = YES_ERROR;
				CLANG_WARN_EMPTY_BODY = YES;
				CLANG_WARN_ENUM_CONVERSION = YES;
				CLANG_WARN_INT_CONVERSION = YES;
				CLANG_WARN_OBJC_ROOT_CLASS = YES_ERROR;
				CLANG_WARN__DUPLICATE_METHOD_MATCH = YES;
				"CODE_SIGN_IDENTITY[sdk=iphoneos*]" = "iPhone Developer";
				COPY_PHASE_STRIP = YES;
				ENABLE_NS_ASSERTIONS = NO;
				GCC_C_LANGUAGE_STANDARD = gnu99;
				GCC_WARN_64_TO_32_BIT_CONVERSION = YES;
				GCC_WARN_ABOUT_RETURN_TYPE = YES_ERROR;
				GCC_WARN_UNDECLARED_SELECTOR = YES;
				GCC_WARN_UNINITIALIZED_AUTOS = YES_AGGRESSIVE;
				GCC_WARN_UNUSED_FUNCTION = YES;
				GCC_WARN_UNUSED_VARIABLE = YES;
				IPHONEOS_DEPLOYMENT_TARGET = 7.1;
				SDKROOT = iphoneos;
				TARGETED_DEVICE_FAMILY = "1,2";
				VALIDATE_PRODUCT = YES;
			};
			name = Release;
		};
		49948F49194F7F900054B34F /* Debug */ = {
			isa = XCBuildConfiguration;
			buildSettings = {
				ASSETCATALOG_COMPILER_APPICON_NAME = AppIcon;
				ASSETCATALOG_COMPILER_LAUNCHIMAGE_NAME = LaunchImage;
				CLANG_ENABLE_OBJC_ARC = NO;
				GCC_PRECOMPILE_PREFIX_HEADER = YES;
				GCC_PREFIX_HEADER = "SideContentLibrary/SideContentLibrary-Prefix.pch";
				INFOPLIST_FILE = "SideContentLibrary/SideContentLibrary-Info.plist";
				IPHONEOS_DEPLOYMENT_TARGET = 6.0;
				PRODUCT_NAME = "$(TARGET_NAME)";
				WRAPPER_EXTENSION = app;
			};
			name = Debug;
		};
		49948F4A194F7F900054B34F /* Release */ = {
			isa = XCBuildConfiguration;
			buildSettings = {
				ASSETCATALOG_COMPILER_APPICON_NAME = AppIcon;
				ASSETCATALOG_COMPILER_LAUNCHIMAGE_NAME = LaunchImage;
				CLANG_ENABLE_OBJC_ARC = NO;
				GCC_PRECOMPILE_PREFIX_HEADER = YES;
				GCC_PREFIX_HEADER = "SideContentLibrary/SideContentLibrary-Prefix.pch";
				INFOPLIST_FILE = "SideContentLibrary/SideContentLibrary-Info.plist";
				IPHONEOS_DEPLOYMENT_TARGET = 6.0;
				PRODUCT_NAME = "$(TARGET_NAME)";
				WRAPPER_EXTENSION = app;
			};
			name = Release;
		};
		49948F4C194F7F900054B34F /* Debug */ = {
			isa = XCBuildConfiguration;
			buildSettings = {
				BUNDLE_LOADER = "$(BUILT_PRODUCTS_DIR)/SideContentLibrary.app/SideContentLibrary";
				FRAMEWORK_SEARCH_PATHS = (
					"$(SDKROOT)/Developer/Library/Frameworks",
					"$(inherited)",
					"$(DEVELOPER_FRAMEWORKS_DIR)",
				);
				GCC_PRECOMPILE_PREFIX_HEADER = YES;
				GCC_PREFIX_HEADER = "SideContentLibrary/SideContentLibrary-Prefix.pch";
				GCC_PREPROCESSOR_DEFINITIONS = (
					"DEBUG=1",
					"$(inherited)",
				);
				INFOPLIST_FILE = "SideContentLibraryTests/SideContentLibraryTests-Info.plist";
				PRODUCT_NAME = "$(TARGET_NAME)";
				TEST_HOST = "$(BUNDLE_LOADER)";
				WRAPPER_EXTENSION = xctest;
			};
			name = Debug;
		};
		49948F4D194F7F900054B34F /* Release */ = {
			isa = XCBuildConfiguration;
			buildSettings = {
				BUNDLE_LOADER = "$(BUILT_PRODUCTS_DIR)/SideContentLibrary.app/SideContentLibrary";
				FRAMEWORK_SEARCH_PATHS = (
					"$(SDKROOT)/Developer/Library/Frameworks",
					"$(inherited)",
					"$(DEVELOPER_FRAMEWORKS_DIR)",
				);
				GCC_PRECOMPILE_PREFIX_HEADER = YES;
				GCC_PREFIX_HEADER = "SideContentLibrary/SideContentLibrary-Prefix.pch";
				INFOPLIST_FILE = "SideContentLibraryTests/SideContentLibraryTests-Info.plist";
				PRODUCT_NAME = "$(TARGET_NAME)";
				TEST_HOST = "$(BUNDLE_LOADER)";
				WRAPPER_EXTENSION = xctest;
			};
			name = Release;
		};
/* End XCBuildConfiguration section */

/* Begin XCConfigurationList section */
		49948F17194F7F900054B34F /* Build configuration list for PBXProject "SideContentLibrary" */ = {
			isa = XCConfigurationList;
			buildConfigurations = (
				49948F46194F7F900054B34F /* Debug */,
				49948F47194F7F900054B34F /* Release */,
			);
			defaultConfigurationIsVisible = 0;
			defaultConfigurationName = Release;
		};
		49948F48194F7F900054B34F /* Build configuration list for PBXNativeTarget "SideContentLibrary" */ = {
			isa = XCConfigurationList;
			buildConfigurations = (
				49948F49194F7F900054B34F /* Debug */,
				49948F4A194F7F900054B34F /* Release */,
			);
			defaultConfigurationIsVisible = 0;
		};
		49948F4B194F7F900054B34F /* Build configuration list for PBXNativeTarget "SideContentLibraryTests" */ = {
			isa = XCConfigurationList;
			buildConfigurations = (
				49948F4C194F7F900054B34F /* Debug */,
				49948F4D194F7F900054B34F /* Release */,
			);
			defaultConfigurationIsVisible = 0;
		};
/* End XCConfigurationList section */
	};
	rootObject = 49948F14194F7F900054B34F /* Project object */;
}
